Microsoft Visual Studio Solution File, Format Version 12.00
# Visual Studio 2012
Project("{FAE04EC0-301F-11D3-BF4B-00C04F79EFBC}") = "ImpactAlert v3", "ImpactAlert v3.csproj", "{78B27D8E-07E2-4615-8385-5C8DC614AF6A}"
EndProject
Global
	GlobalSection(SolutionConfigurationPlatforms) = preSolution
	Debug|Any CPU = Debug|Any CPU
	ExportDebug|Any CPU = ExportDebug|Any CPU
	ExportRelease|Any CPU = ExportRelease|Any CPU
	EndGlobalSection
	GlobalSection(ProjectConfigurationPlatforms) = postSolution
		{78B27D8E-07E2-4615-8385-5C8DC614AF6A}.Debug|Any CPU.ActiveCfg = Debug|Any CPU
		{78B27D8E-07E2-4615-8385-5C8DC614AF6A}.Debug|Any CPU.Build.0 = Debug|Any CPU
		{78B27D8E-07E2-4615-8385-5C8DC614AF6A}.ExportDebug|Any CPU.ActiveCfg = ExportDebug|Any CPU
		{78B27D8E-07E2-4615-8385-5C8DC614AF6A}.ExportDebug|Any CPU.Build.0 = ExportDebug|Any CPU
		{78B27D8E-07E2-4615-8385-5C8DC614AF6A}.ExportRelease|Any CPU.ActiveCfg = ExportRelease|Any CPU
		{78B27D8E-07E2-4615-8385-5C8DC614AF6A}.ExportRelease|Any CPU.Build.0 = ExportRelease|Any CPU
	EndGlobalSection
EndGlobal
