Microsoft Visual Studio Solution File, Format Version 12.00
# Visual Studio 2012
Project("{FAE04EC0-301F-11D3-BF4B-00C04F79EFBC}") = "ImpactAlertv2", "ImpactAlertv2.csproj", "{A60359E8-878C-47F7-A6BD-1E19669BA3DF}"
EndProject
Global
	GlobalSection(SolutionConfigurationPlatforms) = preSolution
	Debug|Any CPU = Debug|Any CPU
	ExportDebug|Any CPU = ExportDebug|Any CPU
	ExportRelease|Any CPU = ExportRelease|Any CPU
	EndGlobalSection
	GlobalSection(ProjectConfigurationPlatforms) = postSolution
		{A60359E8-878C-47F7-A6BD-1E19669BA3DF}.Debug|Any CPU.ActiveCfg = Debug|Any CPU
		{A60359E8-878C-47F7-A6BD-1E19669BA3DF}.Debug|Any CPU.Build.0 = Debug|Any CPU
		{A60359E8-878C-47F7-A6BD-1E19669BA3DF}.ExportDebug|Any CPU.ActiveCfg = ExportDebug|Any CPU
		{A60359E8-878C-47F7-A6BD-1E19669BA3DF}.ExportDebug|Any CPU.Build.0 = ExportDebug|Any CPU
		{A60359E8-878C-47F7-A6BD-1E19669BA3DF}.ExportRelease|Any CPU.ActiveCfg = ExportRelease|Any CPU
		{A60359E8-878C-47F7-A6BD-1E19669BA3DF}.ExportRelease|Any CPU.Build.0 = ExportRelease|Any CPU
	EndGlobalSection
EndGlobal
