Microsoft Visual Studio Solution File, Format Version 12.00
# Visual Studio 2012
Project("{FAE04EC0-301F-11D3-BF4B-00C04F79EFBC}") = "Impact alert", "Impact alert.csproj", "{0F278BEC-FA6D-447A-9B02-1DC4ED899C64}"
EndProject
Global
	GlobalSection(SolutionConfigurationPlatforms) = preSolution
	Debug|Any CPU = Debug|Any CPU
	ExportDebug|Any CPU = ExportDebug|Any CPU
	ExportRelease|Any CPU = ExportRelease|Any CPU
	EndGlobalSection
	GlobalSection(ProjectConfigurationPlatforms) = postSolution
		{0F278BEC-FA6D-447A-9B02-1DC4ED899C64}.Debug|Any CPU.ActiveCfg = Debug|Any CPU
		{0F278BEC-FA6D-447A-9B02-1DC4ED899C64}.Debug|Any CPU.Build.0 = Debug|Any CPU
		{0F278BEC-FA6D-447A-9B02-1DC4ED899C64}.ExportDebug|Any CPU.ActiveCfg = ExportDebug|Any CPU
		{0F278BEC-FA6D-447A-9B02-1DC4ED899C64}.ExportDebug|Any CPU.Build.0 = ExportDebug|Any CPU
		{0F278BEC-FA6D-447A-9B02-1DC4ED899C64}.ExportRelease|Any CPU.ActiveCfg = ExportRelease|Any CPU
		{0F278BEC-FA6D-447A-9B02-1DC4ED899C64}.ExportRelease|Any CPU.Build.0 = ExportRelease|Any CPU
	EndGlobalSection
EndGlobal
